
Microsoft Visual Studio Solution File, Format Version 12.00
# Visual Studio Version 17
VisualStudioVersion = 17.5.33530.505
MinimumVisualStudioVersion = 10.0.40219.1
Project("{FAE04EC0-301F-11D3-BF4B-00C04F79EFBC}") = "UnitTestai", "UnitTestai\UnitTestai.csproj", "{8A37C656-7184-494F-B437-0D7BDC3F8845}"
EndProject
Project("{FAE04EC0-301F-11D3-BF4B-00C04F79EFBC}") = "Skaiciuotuvas", "Skaiciuotuvas\Skaiciuotuvas.csproj", "{4180D0D8-3066-4CF8-AC20-AD5464473E8B}"
EndProject
Project("{FAE04EC0-301F-11D3-BF4B-00C04F79EFBC}") = "SeleniumTestsWithoutPOM", "SeleniumTestsWithoutPOM\SeleniumTestsWithoutPOM.csproj", "{D491C331-D5F8-4E03-B037-48C0C7760D1C}"
EndProject
Project("{FAE04EC0-301F-11D3-BF4B-00C04F79EFBC}") = "SeleniumFramework", "SeleniumFramework\SeleniumFramework.csproj", "{DA414E7F-0065-47AC-88EF-AA169B228329}"
EndProject
Project("{FAE04EC0-301F-11D3-BF4B-00C04F79EFBC}") = "SeleniumTests", "SeleniumTests\SeleniumTests.csproj", "{44CA478E-6311-4756-AD4D-7C6BA8B8B3EC}"
EndProject
Global
	GlobalSection(SolutionConfigurationPlatforms) = preSolution
		Debug|Any CPU = Debug|Any CPU
		Release|Any CPU = Release|Any CPU
	EndGlobalSection
	GlobalSection(ProjectConfigurationPlatforms) = postSolution
		{8A37C656-7184-494F-B437-0D7BDC3F8845}.Debug|Any CPU.ActiveCfg = Debug|Any CPU
		{8A37C656-7184-494F-B437-0D7BDC3F8845}.Debug|Any CPU.Build.0 = Debug|Any CPU
		{8A37C656-7184-494F-B437-0D7BDC3F8845}.Release|Any CPU.ActiveCfg = Release|Any CPU
		{8A37C656-7184-494F-B437-0D7BDC3F8845}.Release|Any CPU.Build.0 = Release|Any CPU
		{4180D0D8-3066-4CF8-AC20-AD5464473E8B}.Debug|Any CPU.ActiveCfg = Debug|Any CPU
		{4180D0D8-3066-4CF8-AC20-AD5464473E8B}.Debug|Any CPU.Build.0 = Debug|Any CPU
		{4180D0D8-3066-4CF8-AC20-AD5464473E8B}.Release|Any CPU.ActiveCfg = Release|Any CPU
		{4180D0D8-3066-4CF8-AC20-AD5464473E8B}.Release|Any CPU.Build.0 = Release|Any CPU
		{D491C331-D5F8-4E03-B037-48C0C7760D1C}.Debug|Any CPU.ActiveCfg = Debug|Any CPU
		{D491C331-D5F8-4E03-B037-48C0C7760D1C}.Debug|Any CPU.Build.0 = Debug|Any CPU
		{D491C331-D5F8-4E03-B037-48C0C7760D1C}.Release|Any CPU.ActiveCfg = Release|Any CPU
		{D491C331-D5F8-4E03-B037-48C0C7760D1C}.Release|Any CPU.Build.0 = Release|Any CPU
		{DA414E7F-0065-47AC-88EF-AA169B228329}.Debug|Any CPU.ActiveCfg = Debug|Any CPU
		{DA414E7F-0065-47AC-88EF-AA169B228329}.Debug|Any CPU.Build.0 = Debug|Any CPU
		{DA414E7F-0065-47AC-88EF-AA169B228329}.Release|Any CPU.ActiveCfg = Release|Any CPU
		{DA414E7F-0065-47AC-88EF-AA169B228329}.Release|Any CPU.Build.0 = Release|Any CPU
		{44CA478E-6311-4756-AD4D-7C6BA8B8B3EC}.Debug|Any CPU.ActiveCfg = Debug|Any CPU
		{44CA478E-6311-4756-AD4D-7C6BA8B8B3EC}.Debug|Any CPU.Build.0 = Debug|Any CPU
		{44CA478E-6311-4756-AD4D-7C6BA8B8B3EC}.Release|Any CPU.ActiveCfg = Release|Any CPU
		{44CA478E-6311-4756-AD4D-7C6BA8B8B3EC}.Release|Any CPU.Build.0 = Release|Any CPU
	EndGlobalSection
	GlobalSection(SolutionProperties) = preSolution
		HideSolutionNode = FALSE
	EndGlobalSection
	GlobalSection(ExtensibilityGlobals) = postSolution
		SolutionGuid = {2579639C-E50A-447B-BCD3-D8DB4ED7B42A}
	EndGlobalSection
EndGlobal
